
Microsoft Visual Studio Solution File, Format Version 12.00
# Visual Studio Version 17
VisualStudioVersion = 17.5.002.0
MinimumVisualStudioVersion = 10.0.40219.1
Project("{2150E333-8FDC-42A3-9474-1A3956D46DE8}") = "back", "back", "{DDFBD1AA-13FF-42A7-8F08-B4BE9A446298}"
EndProject
Project("{2150E333-8FDC-42A3-9474-1A3956D46DE8}") = "src", "src", "{C760760C-7C49-4660-91E6-A712012A3437}"
EndProject
Project("{9A19103F-16F7-4668-BE54-9A1E7A4F7556}") = "ProAtividade.API", "back\src\ProAtividade.API\ProAtividade.API.csproj", "{2A13F33F-78E6-48F2-8F82-0D29D37AFC0D}"
EndProject
Global
	GlobalSection(SolutionConfigurationPlatforms) = preSolution
		Debug|Any CPU = Debug|Any CPU
		Release|Any CPU = Release|Any CPU
	EndGlobalSection
	GlobalSection(ProjectConfigurationPlatforms) = postSolution
		{2A13F33F-78E6-48F2-8F82-0D29D37AFC0D}.Debug|Any CPU.ActiveCfg = Debug|Any CPU
		{2A13F33F-78E6-48F2-8F82-0D29D37AFC0D}.Debug|Any CPU.Build.0 = Debug|Any CPU
		{2A13F33F-78E6-48F2-8F82-0D29D37AFC0D}.Release|Any CPU.ActiveCfg = Release|Any CPU
		{2A13F33F-78E6-48F2-8F82-0D29D37AFC0D}.Release|Any CPU.Build.0 = Release|Any CPU
	EndGlobalSection
	GlobalSection(SolutionProperties) = preSolution
		HideSolutionNode = FALSE
	EndGlobalSection
	GlobalSection(NestedProjects) = preSolution
		{C760760C-7C49-4660-91E6-A712012A3437} = {DDFBD1AA-13FF-42A7-8F08-B4BE9A446298}
		{2A13F33F-78E6-48F2-8F82-0D29D37AFC0D} = {C760760C-7C49-4660-91E6-A712012A3437}
	EndGlobalSection
	GlobalSection(ExtensibilityGlobals) = postSolution
		SolutionGuid = {520517D0-1494-4493-9A03-582803610F44}
	EndGlobalSection
EndGlobal
